
Microsoft Visual Studio Solution File, Format Version 12.00
# Visual Studio Version 16
VisualStudioVersion = 16.0.31112.23
MinimumVisualStudioVersion = 10.0.40219.1
Project("{FAE04EC0-301F-11D3-BF4B-00C04F79EFBC}") = "2_6", "2_6\2_6.csproj", "{1DACDDEF-CCB7-4E24-AC41-34365D7E6A3E}"
EndProject
Global
	GlobalSection(SolutionConfigurationPlatforms) = preSolution
		Debug|Any CPU = Debug|Any CPU
		Release|Any CPU = Release|Any CPU
	EndGlobalSection
	GlobalSection(ProjectConfigurationPlatforms) = postSolution
		{1DACDDEF-CCB7-4E24-AC41-34365D7E6A3E}.Debug|Any CPU.ActiveCfg = Debug|Any CPU
		{1DACDDEF-CCB7-4E24-AC41-34365D7E6A3E}.Debug|Any CPU.Build.0 = Debug|Any CPU
		{1DACDDEF-CCB7-4E24-AC41-34365D7E6A3E}.Release|Any CPU.ActiveCfg = Release|Any CPU
		{1DACDDEF-CCB7-4E24-AC41-34365D7E6A3E}.Release|Any CPU.Build.0 = Release|Any CPU
	EndGlobalSection
	GlobalSection(SolutionProperties) = preSolution
		HideSolutionNode = FALSE
	EndGlobalSection
	GlobalSection(ExtensibilityGlobals) = postSolution
		SolutionGuid = {EA9B992F-2A25-4DB0-92CB-EB03EFE84EA7}
	EndGlobalSection
EndGlobal
